# This file was autogenerated by Stack.
# You should not edit this file by hand.
# For more information, please see the documentation at:
#   https://docs.haskellstack.org/en/stable/lock_files

packages:
- completed:
    hackage: gimlh-0.1.3.0@sha256:0cb3513ec36b7f935956b68875de40a05e934cf75499918e1db533b7d32dfc46,747
    pantry-tree:
      sha256: 106e63ee076f0339ae5e15c599f5eb15d1e663f1f2303417000f26c9514f24c6
      size: 201
  original:
    hackage: gimlh-0.1.3.0
snapshots:
- completed:
    sha256: 4c9d564321bb3a3370aeafebff848da9f3723de92b60b98b2e03f6213f65c232
    size: 507625
    url: https://raw.githubusercontent.com/commercialhaskell/stackage-snapshots/master/lts/11/7.yaml
  original: lts-11.7
